
Microsoft Visual Studio Solution File, Format Version 12.00
# Visual Studio Version 16
VisualStudioVersion = 16.0.33529.622
MinimumVisualStudioVersion = 10.0.40219.1
Project("{FAE04EC0-301F-11D3-BF4B-00C04F79EFBC}") = "For loop", "For loop.csproj", "{3658D057-E034-46E7-959B-0DCB0E31779E}"
EndProject
Global
	GlobalSection(SolutionConfigurationPlatforms) = preSolution
		Debug|Any CPU = Debug|Any CPU
		Release|Any CPU = Release|Any CPU
	EndGlobalSection
	GlobalSection(ProjectConfigurationPlatforms) = postSolution
		{3658D057-E034-46E7-959B-0DCB0E31779E}.Debug|Any CPU.ActiveCfg = Debug|Any CPU
		{3658D057-E034-46E7-959B-0DCB0E31779E}.Debug|Any CPU.Build.0 = Debug|Any CPU
		{3658D057-E034-46E7-959B-0DCB0E31779E}.Release|Any CPU.ActiveCfg = Release|Any CPU
		{3658D057-E034-46E7-959B-0DCB0E31779E}.Release|Any CPU.Build.0 = Release|Any CPU
	EndGlobalSection
	GlobalSection(SolutionProperties) = preSolution
		HideSolutionNode = FALSE
	EndGlobalSection
	GlobalSection(ExtensibilityGlobals) = postSolution
		SolutionGuid = {9B19B301-12B7-453D-8609-ECCA92DACD66}
	EndGlobalSection
EndGlobal
