
Microsoft Visual Studio Solution File, Format Version 12.00
# Visual Studio Version 16
VisualStudioVersion = 16.0.33529.622
MinimumVisualStudioVersion = 10.0.40219.1
Project("{FAE04EC0-301F-11D3-BF4B-00C04F79EFBC}") = "Classes", "Classes.csproj", "{03DE3601-2AC9-4748-AF81-A56FEA64A18E}"
EndProject
Global
	GlobalSection(SolutionConfigurationPlatforms) = preSolution
		Debug|Any CPU = Debug|Any CPU
		Release|Any CPU = Release|Any CPU
	EndGlobalSection
	GlobalSection(ProjectConfigurationPlatforms) = postSolution
		{03DE3601-2AC9-4748-AF81-A56FEA64A18E}.Debug|Any CPU.ActiveCfg = Debug|Any CPU
		{03DE3601-2AC9-4748-AF81-A56FEA64A18E}.Debug|Any CPU.Build.0 = Debug|Any CPU
		{03DE3601-2AC9-4748-AF81-A56FEA64A18E}.Release|Any CPU.ActiveCfg = Release|Any CPU
		{03DE3601-2AC9-4748-AF81-A56FEA64A18E}.Release|Any CPU.Build.0 = Release|Any CPU
	EndGlobalSection
	GlobalSection(SolutionProperties) = preSolution
		HideSolutionNode = FALSE
	EndGlobalSection
	GlobalSection(ExtensibilityGlobals) = postSolution
		SolutionGuid = {70416FC4-1A89-45BD-A61C-E9035C5A620E}
	EndGlobalSection
EndGlobal
