
Microsoft Visual Studio Solution File, Format Version 12.00
# Visual Studio Version 16
VisualStudioVersion = 16.0.33529.622
MinimumVisualStudioVersion = 10.0.40219.1
Project("{FAE04EC0-301F-11D3-BF4B-00C04F79EFBC}") = "2d array", "2d array.csproj", "{DF624643-7720-4073-9CDA-077A743541EE}"
EndProject
Global
	GlobalSection(SolutionConfigurationPlatforms) = preSolution
		Debug|Any CPU = Debug|Any CPU
		Release|Any CPU = Release|Any CPU
	EndGlobalSection
	GlobalSection(ProjectConfigurationPlatforms) = postSolution
		{DF624643-7720-4073-9CDA-077A743541EE}.Debug|Any CPU.ActiveCfg = Debug|Any CPU
		{DF624643-7720-4073-9CDA-077A743541EE}.Debug|Any CPU.Build.0 = Debug|Any CPU
		{DF624643-7720-4073-9CDA-077A743541EE}.Release|Any CPU.ActiveCfg = Release|Any CPU
		{DF624643-7720-4073-9CDA-077A743541EE}.Release|Any CPU.Build.0 = Release|Any CPU
	EndGlobalSection
	GlobalSection(SolutionProperties) = preSolution
		HideSolutionNode = FALSE
	EndGlobalSection
	GlobalSection(ExtensibilityGlobals) = postSolution
		SolutionGuid = {7E261F8D-7604-423B-B2D1-8A9EB4930D87}
	EndGlobalSection
EndGlobal
