
Microsoft Visual Studio Solution File, Format Version 12.00
# Visual Studio Version 16
VisualStudioVersion = 16.0.33529.622
MinimumVisualStudioVersion = 10.0.40219.1
Project("{FAE04EC0-301F-11D3-BF4B-00C04F79EFBC}") = "While loop", "While loop.csproj", "{56D8EE82-A8E7-46C5-B150-65D4908AFD19}"
EndProject
Global
	GlobalSection(SolutionConfigurationPlatforms) = preSolution
		Debug|Any CPU = Debug|Any CPU
		Release|Any CPU = Release|Any CPU
	EndGlobalSection
	GlobalSection(ProjectConfigurationPlatforms) = postSolution
		{56D8EE82-A8E7-46C5-B150-65D4908AFD19}.Debug|Any CPU.ActiveCfg = Debug|Any CPU
		{56D8EE82-A8E7-46C5-B150-65D4908AFD19}.Debug|Any CPU.Build.0 = Debug|Any CPU
		{56D8EE82-A8E7-46C5-B150-65D4908AFD19}.Release|Any CPU.ActiveCfg = Release|Any CPU
		{56D8EE82-A8E7-46C5-B150-65D4908AFD19}.Release|Any CPU.Build.0 = Release|Any CPU
	EndGlobalSection
	GlobalSection(SolutionProperties) = preSolution
		HideSolutionNode = FALSE
	EndGlobalSection
	GlobalSection(ExtensibilityGlobals) = postSolution
		SolutionGuid = {0AF59122-ED4C-4458-9DCC-6129177A67A5}
	EndGlobalSection
EndGlobal
